
Microsoft Visual Studio Solution File, Format Version 12.00
# Visual Studio Version 16
VisualStudioVersion = 16.0.31005.135
MinimumVisualStudioVersion = 10.0.40219.1
Project("{FAE04EC0-301F-11D3-BF4B-00C04F79EFBC}") = "Core", "Core\Core.csproj", "{1A907D28-1CFB-4EE1-A5F8-FF36AF82E4A9}"
EndProject
Project("{FAE04EC0-301F-11D3-BF4B-00C04F79EFBC}") = "Data", "Data\Data.csproj", "{AECBA496-315D-4779-9A3E-E3771BD3C442}"
EndProject
Global
	GlobalSection(SolutionConfigurationPlatforms) = preSolution
		Debug|Any CPU = Debug|Any CPU
		Release|Any CPU = Release|Any CPU
	EndGlobalSection
	GlobalSection(ProjectConfigurationPlatforms) = postSolution
		{1A907D28-1CFB-4EE1-A5F8-FF36AF82E4A9}.Debug|Any CPU.ActiveCfg = Debug|Any CPU
		{1A907D28-1CFB-4EE1-A5F8-FF36AF82E4A9}.Debug|Any CPU.Build.0 = Debug|Any CPU
		{1A907D28-1CFB-4EE1-A5F8-FF36AF82E4A9}.Release|Any CPU.ActiveCfg = Release|Any CPU
		{1A907D28-1CFB-4EE1-A5F8-FF36AF82E4A9}.Release|Any CPU.Build.0 = Release|Any CPU
		{AECBA496-315D-4779-9A3E-E3771BD3C442}.Debug|Any CPU.ActiveCfg = Debug|Any CPU
		{AECBA496-315D-4779-9A3E-E3771BD3C442}.Debug|Any CPU.Build.0 = Debug|Any CPU
		{AECBA496-315D-4779-9A3E-E3771BD3C442}.Release|Any CPU.ActiveCfg = Release|Any CPU
		{AECBA496-315D-4779-9A3E-E3771BD3C442}.Release|Any CPU.Build.0 = Release|Any CPU
	EndGlobalSection
	GlobalSection(SolutionProperties) = preSolution
		HideSolutionNode = FALSE
	EndGlobalSection
	GlobalSection(ExtensibilityGlobals) = postSolution
		SolutionGuid = {C649E9F5-8B82-4597-9505-DCBA929E2F30}
	EndGlobalSection
EndGlobal
